
Microsoft Visual Studio Solution File, Format Version 12.00
# Visual Studio Version 17
VisualStudioVersion = 17.14.36109.1
MinimumVisualStudioVersion = 10.0.40219.1
Project("{9A19103F-16F7-4668-BE54-9A1E7A4F7556}") = "Abstracciones", "Abstracciones\Abstracciones.csproj", "{9F11CE81-EA28-4870-8821-96C71C2009E1}"
EndProject
Project("{9A19103F-16F7-4668-BE54-9A1E7A4F7556}") = "Web", "Web\Web.csproj", "{39E982FC-4C9C-4A20-8A29-F61634DD78A4}"
EndProject
Project("{9A19103F-16F7-4668-BE54-9A1E7A4F7556}") = "Reglas", "Reglas\Reglas.csproj", "{8CD75AE9-FC82-4659-BA7C-49B0C6361533}"
EndProject
Project("{FAE04EC0-301F-11D3-BF4B-00C04F79EFBC}") = "Autorizacion.Flujo", "Abstracciones.BW\Autorizacion.Flujo.csproj", "{460AEF22-435F-E29D-8D65-C4F064BFC885}"
EndProject
Project("{FAE04EC0-301F-11D3-BF4B-00C04F79EFBC}") = "Autorizacion.Abstracciones", "Autorizacion.Abstracciones\Autorizacion.Abstracciones.csproj", "{815F63F7-F412-0591-56CE-DE0BFD232027}"
EndProject
Project("{FAE04EC0-301F-11D3-BF4B-00C04F79EFBC}") = "Autorizacion.Middleware", "Autorizacion.Middleware\Autorizacion.Middleware.csproj", "{AD5D11FA-FC32-A401-8AB1-1219F9AE6394}"
EndProject
Project("{FAE04EC0-301F-11D3-BF4B-00C04F79EFBC}") = "Autorizacion.DA", "Autorizacion.DA\Autorizacion.DA.csproj", "{4BD5FD48-81F4-6223-3756-5F8C7397B040}"
EndProject
Global
	GlobalSection(SolutionConfigurationPlatforms) = preSolution
		Debug|Any CPU = Debug|Any CPU
		Release|Any CPU = Release|Any CPU
	EndGlobalSection
	GlobalSection(ProjectConfigurationPlatforms) = postSolution
		{9F11CE81-EA28-4870-8821-96C71C2009E1}.Debug|Any CPU.ActiveCfg = Debug|Any CPU
		{9F11CE81-EA28-4870-8821-96C71C2009E1}.Debug|Any CPU.Build.0 = Debug|Any CPU
		{9F11CE81-EA28-4870-8821-96C71C2009E1}.Release|Any CPU.ActiveCfg = Release|Any CPU
		{9F11CE81-EA28-4870-8821-96C71C2009E1}.Release|Any CPU.Build.0 = Release|Any CPU
		{39E982FC-4C9C-4A20-8A29-F61634DD78A4}.Debug|Any CPU.ActiveCfg = Debug|Any CPU
		{39E982FC-4C9C-4A20-8A29-F61634DD78A4}.Debug|Any CPU.Build.0 = Debug|Any CPU
		{39E982FC-4C9C-4A20-8A29-F61634DD78A4}.Release|Any CPU.ActiveCfg = Release|Any CPU
		{39E982FC-4C9C-4A20-8A29-F61634DD78A4}.Release|Any CPU.Build.0 = Release|Any CPU
		{8CD75AE9-FC82-4659-BA7C-49B0C6361533}.Debug|Any CPU.ActiveCfg = Debug|Any CPU
		{8CD75AE9-FC82-4659-BA7C-49B0C6361533}.Debug|Any CPU.Build.0 = Debug|Any CPU
		{8CD75AE9-FC82-4659-BA7C-49B0C6361533}.Release|Any CPU.ActiveCfg = Release|Any CPU
		{8CD75AE9-FC82-4659-BA7C-49B0C6361533}.Release|Any CPU.Build.0 = Release|Any CPU
		{460AEF22-435F-E29D-8D65-C4F064BFC885}.Debug|Any CPU.ActiveCfg = Debug|Any CPU
		{460AEF22-435F-E29D-8D65-C4F064BFC885}.Debug|Any CPU.Build.0 = Debug|Any CPU
		{460AEF22-435F-E29D-8D65-C4F064BFC885}.Release|Any CPU.ActiveCfg = Release|Any CPU
		{460AEF22-435F-E29D-8D65-C4F064BFC885}.Release|Any CPU.Build.0 = Release|Any CPU
		{815F63F7-F412-0591-56CE-DE0BFD232027}.Debug|Any CPU.ActiveCfg = Debug|Any CPU
		{815F63F7-F412-0591-56CE-DE0BFD232027}.Debug|Any CPU.Build.0 = Debug|Any CPU
		{815F63F7-F412-0591-56CE-DE0BFD232027}.Release|Any CPU.ActiveCfg = Release|Any CPU
		{815F63F7-F412-0591-56CE-DE0BFD232027}.Release|Any CPU.Build.0 = Release|Any CPU
		{AD5D11FA-FC32-A401-8AB1-1219F9AE6394}.Debug|Any CPU.ActiveCfg = Debug|Any CPU
		{AD5D11FA-FC32-A401-8AB1-1219F9AE6394}.Debug|Any CPU.Build.0 = Debug|Any CPU
		{AD5D11FA-FC32-A401-8AB1-1219F9AE6394}.Release|Any CPU.ActiveCfg = Release|Any CPU
		{AD5D11FA-FC32-A401-8AB1-1219F9AE6394}.Release|Any CPU.Build.0 = Release|Any CPU
		{4BD5FD48-81F4-6223-3756-5F8C7397B040}.Debug|Any CPU.ActiveCfg = Debug|Any CPU
		{4BD5FD48-81F4-6223-3756-5F8C7397B040}.Debug|Any CPU.Build.0 = Debug|Any CPU
		{4BD5FD48-81F4-6223-3756-5F8C7397B040}.Release|Any CPU.ActiveCfg = Release|Any CPU
		{4BD5FD48-81F4-6223-3756-5F8C7397B040}.Release|Any CPU.Build.0 = Release|Any CPU
	EndGlobalSection
	GlobalSection(SolutionProperties) = preSolution
		HideSolutionNode = FALSE
	EndGlobalSection
	GlobalSection(ExtensibilityGlobals) = postSolution
		SolutionGuid = {53A76710-B77C-4247-8ABD-A140F9A4100E}
	EndGlobalSection
EndGlobal
