
Microsoft Visual Studio Solution File, Format Version 12.00
# Visual Studio Version 17
VisualStudioVersion = 17.14.36327.8
MinimumVisualStudioVersion = 10.0.40219.1
Project("{9A19103F-16F7-4668-BE54-9A1E7A4F7556}") = "Abstracciones", "Abstracciones\Abstracciones.csproj", "{272DADC4-5270-4FC1-9B30-2F388E913EC6}"
EndProject
Project("{9A19103F-16F7-4668-BE54-9A1E7A4F7556}") = "Flujo", "Flujo\Flujo.csproj", "{680A4F03-EA61-41A1-933E-B7BA42EC9700}"
	ProjectSection(ProjectDependencies) = postProject
		{272DADC4-5270-4FC1-9B30-2F388E913EC6} = {272DADC4-5270-4FC1-9B30-2F388E913EC6}
	EndProjectSection
EndProject
Project("{9A19103F-16F7-4668-BE54-9A1E7A4F7556}") = "DA", "DA\DA.csproj", "{1910FF96-3E4A-4B1E-B889-09087E3F9DC0}"
	ProjectSection(ProjectDependencies) = postProject
		{272DADC4-5270-4FC1-9B30-2F388E913EC6} = {272DADC4-5270-4FC1-9B30-2F388E913EC6}
	EndProjectSection
EndProject
Project("{9A19103F-16F7-4668-BE54-9A1E7A4F7556}") = "API", "API\API.csproj", "{ECA44899-5784-402C-8855-727A4D53497F}"
	ProjectSection(ProjectDependencies) = postProject
		{1910FF96-3E4A-4B1E-B889-09087E3F9DC0} = {1910FF96-3E4A-4B1E-B889-09087E3F9DC0}
		{272DADC4-5270-4FC1-9B30-2F388E913EC6} = {272DADC4-5270-4FC1-9B30-2F388E913EC6}
		{680A4F03-EA61-41A1-933E-B7BA42EC9700} = {680A4F03-EA61-41A1-933E-B7BA42EC9700}
	EndProjectSection
EndProject
Project("{00D1A9C2-B5F0-4AF3-8072-F6C62B433612}") = "BD", "BD\BD.sqlproj", "{130FEC36-F719-422B-98D3-CDE75CB43000}"
EndProject
Project("{FAE04EC0-301F-11D3-BF4B-00C04F79EFBC}") = "Autorizacion.Middleware", "..\..\..\New folder (8)\Ejemplos\Seguridad\Seguridad.MiddlewareAutorizacion\Autorizacion.Middleware\Autorizacion.Middleware.csproj", "{2CAF65EE-7A82-A716-1EE2-2D2A4277188B}"
EndProject
Project("{FAE04EC0-301F-11D3-BF4B-00C04F79EFBC}") = "Autorizacion.Abstracciones", "..\..\..\New folder (8)\Ejemplos\Seguridad\Seguridad.MiddlewareAutorizacion\Autorizacion.Abstracciones\Autorizacion.Abstracciones.csproj", "{E038C5A1-DE59-517B-2DD1-1A4A4B780689}"
EndProject
Project("{FAE04EC0-301F-11D3-BF4B-00C04F79EFBC}") = "Autorizacion.Flujo", "..\..\..\New folder (8)\Ejemplos\Seguridad\Seguridad.MiddlewareAutorizacion\Abstracciones.BW\Autorizacion.Flujo.csproj", "{51253D03-202F-7497-8CAA-1CCE54109892}"
EndProject
Project("{FAE04EC0-301F-11D3-BF4B-00C04F79EFBC}") = "Autorizacion.DA", "..\..\..\New folder (8)\Ejemplos\Seguridad\Seguridad.MiddlewareAutorizacion\Autorizacion.DA\Autorizacion.DA.csproj", "{0931070C-61F7-6BA1-DEC6-4BD5882F9820}"
EndProject
Global
	GlobalSection(SolutionConfigurationPlatforms) = preSolution
		Debug|Any CPU = Debug|Any CPU
		Release|Any CPU = Release|Any CPU
	EndGlobalSection
	GlobalSection(ProjectConfigurationPlatforms) = postSolution
		{272DADC4-5270-4FC1-9B30-2F388E913EC6}.Debug|Any CPU.ActiveCfg = Debug|Any CPU
		{272DADC4-5270-4FC1-9B30-2F388E913EC6}.Debug|Any CPU.Build.0 = Debug|Any CPU
		{272DADC4-5270-4FC1-9B30-2F388E913EC6}.Release|Any CPU.ActiveCfg = Release|Any CPU
		{272DADC4-5270-4FC1-9B30-2F388E913EC6}.Release|Any CPU.Build.0 = Release|Any CPU
		{680A4F03-EA61-41A1-933E-B7BA42EC9700}.Debug|Any CPU.ActiveCfg = Debug|Any CPU
		{680A4F03-EA61-41A1-933E-B7BA42EC9700}.Debug|Any CPU.Build.0 = Debug|Any CPU
		{680A4F03-EA61-41A1-933E-B7BA42EC9700}.Release|Any CPU.ActiveCfg = Release|Any CPU
		{680A4F03-EA61-41A1-933E-B7BA42EC9700}.Release|Any CPU.Build.0 = Release|Any CPU
		{1910FF96-3E4A-4B1E-B889-09087E3F9DC0}.Debug|Any CPU.ActiveCfg = Debug|Any CPU
		{1910FF96-3E4A-4B1E-B889-09087E3F9DC0}.Debug|Any CPU.Build.0 = Debug|Any CPU
		{1910FF96-3E4A-4B1E-B889-09087E3F9DC0}.Release|Any CPU.ActiveCfg = Release|Any CPU
		{1910FF96-3E4A-4B1E-B889-09087E3F9DC0}.Release|Any CPU.Build.0 = Release|Any CPU
		{ECA44899-5784-402C-8855-727A4D53497F}.Debug|Any CPU.ActiveCfg = Debug|Any CPU
		{ECA44899-5784-402C-8855-727A4D53497F}.Debug|Any CPU.Build.0 = Debug|Any CPU
		{ECA44899-5784-402C-8855-727A4D53497F}.Release|Any CPU.ActiveCfg = Release|Any CPU
		{ECA44899-5784-402C-8855-727A4D53497F}.Release|Any CPU.Build.0 = Release|Any CPU
		{130FEC36-F719-422B-98D3-CDE75CB43000}.Debug|Any CPU.ActiveCfg = Debug|Any CPU
		{130FEC36-F719-422B-98D3-CDE75CB43000}.Debug|Any CPU.Build.0 = Debug|Any CPU
		{130FEC36-F719-422B-98D3-CDE75CB43000}.Debug|Any CPU.Deploy.0 = Debug|Any CPU
		{130FEC36-F719-422B-98D3-CDE75CB43000}.Release|Any CPU.ActiveCfg = Release|Any CPU
		{130FEC36-F719-422B-98D3-CDE75CB43000}.Release|Any CPU.Build.0 = Release|Any CPU
		{130FEC36-F719-422B-98D3-CDE75CB43000}.Release|Any CPU.Deploy.0 = Release|Any CPU
		{2CAF65EE-7A82-A716-1EE2-2D2A4277188B}.Debug|Any CPU.ActiveCfg = Debug|Any CPU
		{2CAF65EE-7A82-A716-1EE2-2D2A4277188B}.Debug|Any CPU.Build.0 = Debug|Any CPU
		{2CAF65EE-7A82-A716-1EE2-2D2A4277188B}.Release|Any CPU.ActiveCfg = Release|Any CPU
		{2CAF65EE-7A82-A716-1EE2-2D2A4277188B}.Release|Any CPU.Build.0 = Release|Any CPU
		{E038C5A1-DE59-517B-2DD1-1A4A4B780689}.Debug|Any CPU.ActiveCfg = Debug|Any CPU
		{E038C5A1-DE59-517B-2DD1-1A4A4B780689}.Debug|Any CPU.Build.0 = Debug|Any CPU
		{E038C5A1-DE59-517B-2DD1-1A4A4B780689}.Release|Any CPU.ActiveCfg = Release|Any CPU
		{E038C5A1-DE59-517B-2DD1-1A4A4B780689}.Release|Any CPU.Build.0 = Release|Any CPU
		{51253D03-202F-7497-8CAA-1CCE54109892}.Debug|Any CPU.ActiveCfg = Debug|Any CPU
		{51253D03-202F-7497-8CAA-1CCE54109892}.Debug|Any CPU.Build.0 = Debug|Any CPU
		{51253D03-202F-7497-8CAA-1CCE54109892}.Release|Any CPU.ActiveCfg = Release|Any CPU
		{51253D03-202F-7497-8CAA-1CCE54109892}.Release|Any CPU.Build.0 = Release|Any CPU
		{0931070C-61F7-6BA1-DEC6-4BD5882F9820}.Debug|Any CPU.ActiveCfg = Debug|Any CPU
		{0931070C-61F7-6BA1-DEC6-4BD5882F9820}.Debug|Any CPU.Build.0 = Debug|Any CPU
		{0931070C-61F7-6BA1-DEC6-4BD5882F9820}.Release|Any CPU.ActiveCfg = Release|Any CPU
		{0931070C-61F7-6BA1-DEC6-4BD5882F9820}.Release|Any CPU.Build.0 = Release|Any CPU
	EndGlobalSection
	GlobalSection(SolutionProperties) = preSolution
		HideSolutionNode = FALSE
	EndGlobalSection
	GlobalSection(ExtensibilityGlobals) = postSolution
		SolutionGuid = {0CF5007D-E6A2-4B24-BA07-141CB7258043}
	EndGlobalSection
EndGlobal
